<?xml version="1.0" encoding="utf-8"?>
<Project ToolsVersion="4.0" xmlns="http://schemas.microsoft.com/developer/msbuild/2003">
  <ItemGroup>
    <Filter Include="Source Files">
      <UniqueIdentifier>{4FC737F1-C7A5-4376-A066-2A32D752A2FF}</UniqueIdentifier>
      <Extensions>cpp;c;cc;cxx;def;odl;idl;hpj;bat;asm;asmx</Extensions>
    </Filter>
    <Filter Include="Header Files">
      <UniqueIdentifier>{93995380-89BD-4b04-88EB-625FBE52EBFB}</UniqueIdentifier>
      <Extensions>h;hpp;hxx;hm;inl;inc;xsd</Extensions>
    </Filter>
    <Filter Include="Resource Files">
      <UniqueIdentifier>{67DA6AB6-F800-4c08-8B7A-83BB121AAD01}</UniqueIdentifier>
      <Extensions>rc;ico;cur;bmp;dlg;rc2;rct;bin;rgs;gif;jpg;jpeg;jpe;resx;tiff;tif;png;wav</Extensions>
    </Filter>
    <Filter Include="Libraries">
      <UniqueIdentifier>{e49a6e6d-9b6d-417f-a3c6-0af9ae525dd5}</UniqueIdentifier>
    </Filter>
    <Filter Include="Libraries\libudis86">
      <UniqueIdentifier>{d689b399-9ffd-4655-9848-04b6bfb84be8}</UniqueIdentifier>
    </Filter>
  </ItemGroup>
  <ItemGroup>
    <ClCompile Include="jk2_continuity.c">
      <Filter>Source Files</Filter>
    </ClCompile>
    <ClCompile Include="jk2_re.c">
      <Filter>Source Files</Filter>
    </ClCompile>
    <ClCompile Include="jk2_syscalls.c">
      <Filter>Source Files</Filter>
    </ClCompile>
    <ClCompile Include="main.c">
      <Filter>Source Files</Filter>
    </ClCompile>
    <ClCompile Include="..\Libraries\libudis86\decode.c">
      <Filter>Libraries\libudis86</Filter>
    </ClCompile>
    <ClCompile Include="..\Libraries\libudis86\input.c">
      <Filter>Libraries\libudis86</Filter>
    </ClCompile>
    <ClCompile Include="..\Libraries\libudis86\itab.c">
      <Filter>Libraries\libudis86</Filter>
    </ClCompile>
    <ClCompile Include="..\Libraries\libudis86\syn-att.c">
      <Filter>Libraries\libudis86</Filter>
    </ClCompile>
    <ClCompile Include="..\Libraries\libudis86\syn-intel.c">
      <Filter>Libraries\libudis86</Filter>
    </ClCompile>
    <ClCompile Include="..\Libraries\libudis86\syn.c">
      <Filter>Libraries\libudis86</Filter>
    </ClCompile>
    <ClCompile Include="..\Libraries\libudis86\udis86.c">
      <Filter>Libraries\libudis86</Filter>
    </ClCompile>
    <ClCompile Include="jk2_balance.c">
      <Filter>Source Files</Filter>
    </ClCompile>
    <ClCompile Include="jk2_linkage.c">
      <Filter>Source Files</Filter>
    </ClCompile>
    <ClCompile Include="jk2_visual.c">
      <Filter>Source Files</Filter>
    </ClCompile>
    <ClCompile Include="jk2_accessibility.c">
      <Filter>Source Files</Filter>
    </ClCompile>
    <ClCompile Include="jk2_math.c">
      <Filter>Source Files</Filter>
    </ClCompile>
  </ItemGroup>
  <ItemGroup>
    <ClInclude Include="jk2_gamestructs.h">
      <Filter>Header Files</Filter>
    </ClInclude>
    <ClInclude Include="jk2_hooks.h">
      <Filter>Header Files</Filter>
    </ClInclude>
    <ClInclude Include="jk2_main.h">
      <Filter>Header Files</Filter>
    </ClInclude>
    <ClInclude Include="..\Libraries\libudis86\decode.h">
      <Filter>Libraries\libudis86</Filter>
    </ClInclude>
    <ClInclude Include="..\Libraries\libudis86\extern.h">
      <Filter>Libraries\libudis86</Filter>
    </ClInclude>
    <ClInclude Include="..\Libraries\libudis86\input.h">
      <Filter>Libraries\libudis86</Filter>
    </ClInclude>
    <ClInclude Include="..\Libraries\libudis86\itab.h">
      <Filter>Libraries\libudis86</Filter>
    </ClInclude>
    <ClInclude Include="..\Libraries\libudis86\syn.h">
      <Filter>Libraries\libudis86</Filter>
    </ClInclude>
    <ClInclude Include="..\Libraries\libudis86\types.h">
      <Filter>Libraries\libudis86</Filter>
    </ClInclude>
    <ClInclude Include="..\Libraries\libudis86\udis86.h">
      <Filter>Libraries\libudis86</Filter>
    </ClInclude>
    <ClInclude Include="jk2_gamefuncs.h">
      <Filter>Header Files</Filter>
    </ClInclude>
  </ItemGroup>
</Project>